
Microsoft Visual Studio Solution File, Format Version 12.00
# Visual Studio Version 16
VisualStudioVersion = 16.0.30621.155
MinimumVisualStudioVersion = 10.0.40219.1
Project("{2150E333-8FDC-42A3-9474-1A3956D46DE8}") = "Solution Items", "Solution Items", "{C2410934-B4E4-4A05-B9B1-CEAA47556B27}"
	ProjectSection(SolutionItems) = preProject
		README.md = README.md
	EndProjectSection
EndProject
Project("{FAE04EC0-301F-11D3-BF4B-00C04F79EFBC}") = "eShopSolution.Data", "eShopSolution.Data\eShopSolution.Data.csproj", "{87B043EA-11E9-4B18-BDAE-DE62ED7A4763}"
EndProject
Project("{FAE04EC0-301F-11D3-BF4B-00C04F79EFBC}") = "eShopSolution.WebApp", "eShopSolution.WebApp\eShopSolution.WebApp.csproj", "{E399DBAB-D561-4BAA-9B10-E6973F2BA6C6}"
EndProject
Project("{FAE04EC0-301F-11D3-BF4B-00C04F79EFBC}") = "eShopSolution.Application", "eShopSolution.Application\eShopSolution.Application.csproj", "{AB85B769-C29E-4D9F-8429-4BEAB59E8A67}"
EndProject
Global
	GlobalSection(SolutionConfigurationPlatforms) = preSolution
		Debug|Any CPU = Debug|Any CPU
		Release|Any CPU = Release|Any CPU
	EndGlobalSection
	GlobalSection(ProjectConfigurationPlatforms) = postSolution
		{87B043EA-11E9-4B18-BDAE-DE62ED7A4763}.Debug|Any CPU.ActiveCfg = Debug|Any CPU
		{87B043EA-11E9-4B18-BDAE-DE62ED7A4763}.Debug|Any CPU.Build.0 = Debug|Any CPU
		{87B043EA-11E9-4B18-BDAE-DE62ED7A4763}.Release|Any CPU.ActiveCfg = Release|Any CPU
		{87B043EA-11E9-4B18-BDAE-DE62ED7A4763}.Release|Any CPU.Build.0 = Release|Any CPU
		{E399DBAB-D561-4BAA-9B10-E6973F2BA6C6}.Debug|Any CPU.ActiveCfg = Debug|Any CPU
		{E399DBAB-D561-4BAA-9B10-E6973F2BA6C6}.Debug|Any CPU.Build.0 = Debug|Any CPU
		{E399DBAB-D561-4BAA-9B10-E6973F2BA6C6}.Release|Any CPU.ActiveCfg = Release|Any CPU
		{E399DBAB-D561-4BAA-9B10-E6973F2BA6C6}.Release|Any CPU.Build.0 = Release|Any CPU
		{AB85B769-C29E-4D9F-8429-4BEAB59E8A67}.Debug|Any CPU.ActiveCfg = Debug|Any CPU
		{AB85B769-C29E-4D9F-8429-4BEAB59E8A67}.Debug|Any CPU.Build.0 = Debug|Any CPU
		{AB85B769-C29E-4D9F-8429-4BEAB59E8A67}.Release|Any CPU.ActiveCfg = Release|Any CPU
		{AB85B769-C29E-4D9F-8429-4BEAB59E8A67}.Release|Any CPU.Build.0 = Release|Any CPU
	EndGlobalSection
	GlobalSection(SolutionProperties) = preSolution
		HideSolutionNode = FALSE
	EndGlobalSection
	GlobalSection(ExtensibilityGlobals) = postSolution
		SolutionGuid = {BA78E3BC-5E63-48E0-87D9-AD51BF5A2602}
	EndGlobalSection
EndGlobal
